# This file is automatically @generated by Poetry 2.4.1 and should not be changed by hand.

[[package]]
name = "ansicon"
version = "1.89.0"
description = "Python wrapper for loading Jason Hood's ANSICON"
optional = false
python-versions = "*"
groups = ["main"]
markers = "platform_system == \"Windows\""
files = [
    {file = "ansicon-1.89.0-py2.py3-none-any.whl", hash = "sha256:f1def52d17f65c2c9682cf8370c03f541f410c1752d6a14029f97318e4b9dfec"},
    {file = "ansicon-1.89.0.tar.gz", hash = "sha256:e4d039def5768a47e4afec8e89e83ec3ae5a26bf00ad851f914d1240b444d2b1"},
]

[[package]]
name = "blessed"
version = "1.50.0"
description = "Easy, practical library for making terminal apps, by providing an elegant, well-documented interface for Terminals."
optional = false
python-versions = ">=3.8"
groups = ["main"]
files = [
    {file = "blessed-1.50.0-py3-none-any.whl", hash = "sha256:6a693d524f7c21129dd61c4d10f11bda89911c05dc7df91219854c9ccf394cbf"},
    {file = "blessed-1.50.0.tar.gz", hash = "sha256:046c9b2a5283a9c5bc340ed23b7d1c1f10ef2d7fb30b14bae13ef7ffc1f3ba56"},
]

[package.dependencies]
jinxed = ">=2.1,<3"
wcwidth = ">=0.8.3"

[package.extras]
docs = ["Pillow", "Sphinx (>3)", "sphinx-paramlinks", "sphinx_rtd_theme", "sphinxcontrib-manpage"]

[[package]]
name = "jinxed"
version = "2.1.0"
description = "Jinxed Terminal Library"
optional = false
python-versions = "*"
groups = ["main"]
files = [
    {file = "jinxed-2.1.0-py2.py3-none-any.whl", hash = "sha256:43b802d18b70e405d410fb66eb2837d1101e7e5ea922e666507bb43f34d11d09"},
    {file = "jinxed-2.1.0.tar.gz", hash = "sha256:7e755b831faa2443d44fb4ce7c0202eb9c3ed39bd5bf1193365888f4f6092b54"},
]

[package.dependencies]
ansicon = {version = "*", markers = "platform_system == \"Windows\""}

[[package]]
name = "wcwidth"
version = "0.9.2"
description = "Measures the displayed width of unicode strings in a terminal"
optional = false
python-versions = ">=3.9"
groups = ["main"]
files = [
    {file = "wcwidth-0.9.2-cp310-abi3-macosx_10_9_x86_64.whl", hash = "sha256:7ef5a940bd5e30bac6e721f1a48fce0cd7bb3ece19e9c5d139e72c76c35cfd07"},
    {file = "wcwidth-0.9.2-cp310-abi3-macosx_11_0_arm64.whl", hash = "sha256:ae0800c5339423cc53d33a266ad264b42ba8aaa16d4464f6e6b1bee607f50b17"},
    {file = "wcwidth-0.9.2-cp310-abi3-manylinux1_i686.manylinux2014_i686.manylinux_2_17_i686.manylinux_2_5_i686.whl", hash = "sha256:9e542f1f8475b78452a295495d7a5bc3ead565112e9446a64dc93462a41c2a79"},
    {file = "wcwidth-0.9.2-cp310-abi3-manylinux2014_aarch64.manylinux_2_17_aarch64.whl", hash = "sha256:674b518af28d38ee645ff97b74f5760abee5fad4bac74413bfc4b881ef2ce724"},
    {file = "wcwidth-0.9.2-cp310-abi3-manylinux2014_x86_64.manylinux_2_17_x86_64.whl", hash = "sha256:751bef0ab404b6a1dc028b56b4b85d46486be1c55833f80da533e42dc691f389"},
    {file = "wcwidth-0.9.2-cp310-abi3-musllinux_1_2_aarch64.whl", hash = "sha256:c3d80f39ba4653a595edae9aa46a509d14883790a8fc23c5db221ceb207f64b7"},
    {file = "wcwidth-0.9.2-cp310-abi3-musllinux_1_2_i686.whl", hash = "sha256:0a47e03d8293590ecce66c45dc20ff7b4b885e3c78093722239585eca0d77ab2"},
    {file = "wcwidth-0.9.2-cp310-abi3-musllinux_1_2_x86_64.whl", hash = "sha256:67d901a4ad99249eb775b4ee4769ca97fa405d35a75f46e83166910a47003f04"},
    {file = "wcwidth-0.9.2-cp310-abi3-win32.whl", hash = "sha256:ee1fd0db9d9fd711a70f3e7765e0e04c05d26982fa05361456163062549d7da4"},
    {file = "wcwidth-0.9.2-cp310-abi3-win_amd64.whl", hash = "sha256:2a9746de704242bd4fdaabb31dd46b82f694a56a8d21081ad89b679a89da9fec"},
    {file = "wcwidth-0.9.2-cp310-abi3-win_arm64.whl", hash = "sha256:b9c6ab615e03723b7f8760ea2f27758d656e7e13b51515c9dca5c3e8b04612fa"},
    {file = "wcwidth-0.9.2-cp314-cp314t-macosx_10_15_x86_64.whl", hash = "sha256:eda88ffdc97c0fbf193d407114f2c7a54b379f67f6e52a7531ee3b9fe749eca7"},
    {file = "wcwidth-0.9.2-cp314-cp314t-macosx_11_0_arm64.whl", hash = "sha256:1bf361c8705576760623b4724ae564666d73b016f9a778bcfd1c7345378ef4ec"},
    {file = "wcwidth-0.9.2-cp314-cp314t-manylinux1_i686.manylinux2014_i686.manylinux_2_17_i686.manylinux_2_5_i686.whl", hash = "sha256:97b878d1e158da5ed9ac5aac53fa3a55e282103af6a09ec353865613d1a31a76"},
    {file = "wcwidth-0.9.2-cp314-cp314t-manylinux2014_aarch64.manylinux_2_17_aarch64.whl", hash = "sha256:59dab4049cbd982b478bca098528df2c79a9160636a3a163ffebffcbd7d1b892"},
    {file = "wcwidth-0.9.2-cp314-cp314t-manylinux2014_x86_64.manylinux_2_17_x86_64.whl", hash = "sha256:bb08ceb501d6aaf94066c3ee122dd825b152df40ff0bd0df4dc27126233b948e"},
    {file = "wcwidth-0.9.2-cp314-cp314t-win32.whl", hash = "sha256:8b4e381590b9b7390e07e22b2c0c1bb96ce50e1d2243c866d9387600362d51ed"},
    {file = "wcwidth-0.9.2-cp314-cp314t-win_amd64.whl", hash = "sha256:f2f7b3bba5a5d5f31fc350fd36ce5b84b693c83b7eb95ee630b720da5a5ce06f"},
    {file = "wcwidth-0.9.2-cp314-cp314t-win_arm64.whl", hash = "sha256:734aa9405b321d1042301aa19c943c4731ee9e3460e4f8feea3299c064c97a14"},
    {file = "wcwidth-0.9.2-cp315-cp315t-macosx_10_15_x86_64.whl", hash = "sha256:42dbcb76ce8af39e2c9db410ac3f9bdf4e47eb41d6f44525952f172d3d98f724"},
    {file = "wcwidth-0.9.2-cp315-cp315t-macosx_11_0_arm64.whl", hash = "sha256:138e1f8898e431b2f2d7881f8ca8d75591c1d3c21aa53f54e989bd6b39811da2"},
    {file = "wcwidth-0.9.2-cp315-cp315t-manylinux1_i686.manylinux2014_i686.manylinux_2_17_i686.manylinux_2_5_i686.whl", hash = "sha256:5175609bf8cc7398a5f48aa35207bd64ebf9f45e4c70df65f7fdc7a988041a3c"},
    {file = "wcwidth-0.9.2-cp315-cp315t-manylinux2014_aarch64.manylinux_2_17_aarch64.whl", hash = "sha256:e5f669ae8c3d969c72032f9cdee019674b666e522d45e1e2099a2e9dda4a341d"},
    {file = "wcwidth-0.9.2-cp315-cp315t-manylinux2014_x86_64.manylinux_2_17_x86_64.whl", hash = "sha256:196b47cf32f9df27ccda6dc513237f3c2429c4c659db428d60a5bc443d10f270"},
    {file = "wcwidth-0.9.2-cp315-cp315t-win32.whl", hash = "sha256:0cd4f7f2e53905dcb110d213a4c8529b6733fa3d232d8c717f946cc69a10349b"},
    {file = "wcwidth-0.9.2-cp315-cp315t-win_amd64.whl", hash = "sha256:33df042f96c61ed3cd5fb3742fba427553a635bc578799857a48aa79f774a0b9"},
    {file = "wcwidth-0.9.2-cp315-cp315t-win_arm64.whl", hash = "sha256:48719a9bc76c2f84238693fe5013571fa5beffa3621cf228f1f3a9e30dae84b8"},
    {file = "wcwidth-0.9.2-py3-none-any.whl", hash = "sha256:89ca642c5bf0101157a09366be69fad0379db1f700ae39a920e103234573670e"},
    {file = "wcwidth-0.9.2.tar.gz", hash = "sha256:ae0ef90b90f6af38b54f1fe6d58662ec33b3cb4b8391958a62416d654231727b"},
]

[metadata]
lock-version = "2.1"
python-versions = ">=3.10"
content-hash = "d6eca1cfb7968dfd39cc0d73606d007ea9a2f9052a115ba08b3bc1a4bdbee832"
